// !$*UTF8*$!
{
	archiveVersion = 1;
	classes = {
	};
	objectVersion = 77;
	objects = {

/* Begin PBXBuildFile section */
		9B95FBD743D97394757E07E2 /* Pods_HifyLive.framework in Frameworks */ = {isa = PBXBuildFile; fileRef = ECC313510D382A2ACBC1DF4B /* Pods_HifyLive.framework */; };
		DD0E53D22F1749120060F729 /* Gzip in Frameworks */ = {isa = PBXBuildFile; productRef = DD0E53D12F1749120060F729 /* Gzip */; };
		DD7AB8DE2F15F4AB003B52DE /* GoogleSignIn in Frameworks */ = {isa = PBXBuildFile; productRef = DD7AB8DD2F15F4AB003B52DE /* GoogleSignIn */; };
		DD7AB8E02F15F4AB003B52DE /* GoogleSignInSwift in Frameworks */ = {isa = PBXBuildFile; productRef = DD7AB8DF2F15F4AB003B52DE /* GoogleSignInSwift */; };
		DDE0C4372F15E61600365091 /* SwiftfulRouting in Frameworks */ = {isa = PBXBuildFile; productRef = DDE0C4362F15E61600365091 /* SwiftfulRouting */; };
		DDE0C5CB2F15F64A00365091 /* Kingfisher in Frameworks */ = {isa = PBXBuildFile; productRef = DDE0C5CA2F15F64A00365091 /* Kingfisher */; };
/* End PBXBuildFile section */

/* Begin PBXFileReference section */
		183AEC9284EB7F5587D8867E /* Pods-HifyLive.debug.xcconfig */ = {isa = PBXFileReference; includeInIndex = 1; lastKnownFileType = text.xcconfig; name = "Pods-HifyLive.debug.xcconfig"; path = "Target Support Files/Pods-HifyLive/Pods-HifyLive.debug.xcconfig"; sourceTree = "<group>"; };
		BBC7BEFA699CF2C284BE7647 /* Pods-HifyLive.release.xcconfig */ = {isa = PBXFileReference; includeInIndex = 1; lastKnownFileType = text.xcconfig; name = "Pods-HifyLive.release.xcconfig"; path = "Target Support Files/Pods-HifyLive/Pods-HifyLive.release.xcconfig"; sourceTree = "<group>"; };
		DDECD4CD2F148B820016E861 /* Eivo.app */ = {isa = PBXFileReference; explicitFileType = wrapper.application; includeInIndex = 0; path = Eivo.app; sourceTree = BUILT_PRODUCTS_DIR; };
		ECC313510D382A2ACBC1DF4B /* Pods_HifyLive.framework */ = {isa = PBXFileReference; explicitFileType = wrapper.framework; includeInIndex = 0; path = Pods_HifyLive.framework; sourceTree = BUILT_PRODUCTS_DIR; };
/* End PBXFileReference section */

/* Begin PBXFileSystemSynchronizedBuildFileExceptionSet section */
		DD89B97C2F1498AE00C13624 /* Exceptions for "HifyLive" folder in "HifyLive" target */ = {
			isa = PBXFileSystemSynchronizedBuildFileExceptionSet;
			membershipExceptions = (
				Info.plist,
			);
			target = DDECD4CC2F148B820016E861 /* HifyLive */;
		};
/* End PBXFileSystemSynchronizedBuildFileExceptionSet section */

/* Begin PBXFileSystemSynchronizedRootGroup section */
		DDECD4CF2F148B820016E861 /* HifyLive */ = {
			isa = PBXFileSystemSynchronizedRootGroup;
			exceptions = (
				DD89B97C2F1498AE00C13624 /* Exceptions for "HifyLive" folder in "HifyLive" target */,
			);
			path = HifyLive;
			sourceTree = "<group>";
		};
/* End PBXFileSystemSynchronizedRootGroup section */

/* Begin PBXFrameworksBuildPhase section */
		DDECD4CA2F148B820016E861 /* Frameworks */ = {
			isa = PBXFrameworksBuildPhase;
			buildActionMask = 2147483647;
			files = (
				DDE0C5CB2F15F64A00365091 /* Kingfisher in Frameworks */,
				DD0E53D22F1749120060F729 /* Gzip in Frameworks */,
				DD7AB8E02F15F4AB003B52DE /* GoogleSignInSwift in Frameworks */,
				DDE0C4372F15E61600365091 /* SwiftfulRouting in Frameworks */,
				DD7AB8DE2F15F4AB003B52DE /* GoogleSignIn in Frameworks */,
				9B95FBD743D97394757E07E2 /* Pods_HifyLive.framework in Frameworks */,
			);
			runOnlyForDeploymentPostprocessing = 0;
		};
/* End PBXFrameworksBuildPhase section */

/* Begin PBXGroup section */
		0AB8BF6CE93E405175B22518 /* Frameworks */ = {
			isa = PBXGroup;
			children = (
				ECC313510D382A2ACBC1DF4B /* Pods_HifyLive.framework */,
			);
			name = Frameworks;
			sourceTree = "<group>";
		};
		9701E0D8E7A6EC5B10D993F3 /* Pods */ = {
			isa = PBXGroup;
			children = (
				183AEC9284EB7F5587D8867E /* Pods-HifyLive.debug.xcconfig */,
				BBC7BEFA699CF2C284BE7647 /* Pods-HifyLive.release.xcconfig */,
			);
			path = Pods;
			sourceTree = "<group>";
		};
		DDECD4C42F148B820016E861 = {
			isa = PBXGroup;
			children = (
				DDECD4CF2F148B820016E861 /* HifyLive */,
				DDECD4CE2F148B820016E861 /* Products */,
				9701E0D8E7A6EC5B10D993F3 /* Pods */,
				0AB8BF6CE93E405175B22518 /* Frameworks */,
			);
			sourceTree = "<group>";
		};
		DDECD4CE2F148B820016E861 /* Products */ = {
			isa = PBXGroup;
			children = (
				DDECD4CD2F148B820016E861 /* Eivo.app */,
			);
			name = Products;
			sourceTree = "<group>";
		};
/* End PBXGroup section */

/* Begin PBXNativeTarget section */
		DDECD4CC2F148B820016E861 /* HifyLive */ = {
			isa = PBXNativeTarget;
			buildConfigurationList = DDECD4D82F148B840016E861 /* Build configuration list for PBXNativeTarget "HifyLive" */;
			buildPhases = (
				88443B5D68DDD8FACC88BDA6 /* [CP] Check Pods Manifest.lock */,
				DDECD4C92F148B820016E861 /* Sources */,
				DDECD4CA2F148B820016E861 /* Frameworks */,
				DDECD4CB2F148B820016E861 /* Resources */,
				ACF646B54A2E633FAAE2C1A8 /* [CP] Embed Pods Frameworks */,
				89E67DD23A948478E3132E80 /* [CP] Copy Pods Resources */,
			);
			buildRules = (
			);
			dependencies = (
			);
			fileSystemSynchronizedGroups = (
				DDECD4CF2F148B820016E861 /* HifyLive */,
			);
			name = HifyLive;
			packageProductDependencies = (
				DDE0C4362F15E61600365091 /* SwiftfulRouting */,
				DD7AB8DD2F15F4AB003B52DE /* GoogleSignIn */,
				DD7AB8DF2F15F4AB003B52DE /* GoogleSignInSwift */,
				DDE0C5CA2F15F64A00365091 /* Kingfisher */,
				DD0E53D12F1749120060F729 /* Gzip */,
			);
			productName = HifyLive;
			productReference = DDECD4CD2F148B820016E861 /* Eivo.app */;
			productType = "com.apple.product-type.application";
		};
/* End PBXNativeTarget section */

/* Begin PBXProject section */
		DDECD4C52F148B820016E861 /* Project object */ = {
			isa = PBXProject;
			attributes = {
				BuildIndependentTargetsInParallel = 1;
				LastSwiftUpdateCheck = 2610;
				LastUpgradeCheck = 2610;
				TargetAttributes = {
					DDECD4CC2F148B820016E861 = {
						CreatedOnToolsVersion = 26.1.1;
					};
				};
			};
			buildConfigurationList = DDECD4C82F148B820016E861 /* Build configuration list for PBXProject "HifyLive" */;
			developmentRegion = en;
			hasScannedForEncodings = 0;
			knownRegions = (
				en,
				Base,
			);
			mainGroup = DDECD4C42F148B820016E861;
			minimizedProjectReferenceProxies = 1;
			packageReferences = (
				DDE0C4352F15E61600365091 /* XCRemoteSwiftPackageReference "SwiftfulRouting" */,
				DD7AB8DC2F15F4AB003B52DE /* XCRemoteSwiftPackageReference "GoogleSignIn-iOS" */,
				DDE0C5C92F15F64A00365091 /* XCRemoteSwiftPackageReference "Kingfisher" */,
				DD0E53D02F1749120060F729 /* XCRemoteSwiftPackageReference "GzipSwift" */,
				DD2931752F177E2D00A06CA0 /* XCRemoteSwiftPackageReference "AgoraRtcEngine_iOS" */,
			);
			preferredProjectObjectVersion = 77;
			productRefGroup = DDECD4CE2F148B820016E861 /* Products */;
			projectDirPath = "";
			projectRoot = "";
			targets = (
				DDECD4CC2F148B820016E861 /* HifyLive */,
			);
		};
/* End PBXProject section */

/* Begin PBXResourcesBuildPhase section */
		DDECD4CB2F148B820016E861 /* Resources */ = {
			isa = PBXResourcesBuildPhase;
			buildActionMask = 2147483647;
			files = (
			);
			runOnlyForDeploymentPostprocessing = 0;
		};
/* End PBXResourcesBuildPhase section */

/* Begin PBXShellScriptBuildPhase section */
		88443B5D68DDD8FACC88BDA6 /* [CP] Check Pods Manifest.lock */ = {
			isa = PBXShellScriptBuildPhase;
			buildActionMask = 2147483647;
			files = (
			);
			inputFileListPaths = (
			);
			inputPaths = (
				"${PODS_PODFILE_DIR_PATH}/Podfile.lock",
				"${PODS_ROOT}/Manifest.lock",
			);
			name = "[CP] Check Pods Manifest.lock";
			outputFileListPaths = (
			);
			outputPaths = (
				"$(DERIVED_FILE_DIR)/Pods-HifyLive-checkManifestLockResult.txt",
			);
			runOnlyForDeploymentPostprocessing = 0;
			shellPath = /bin/sh;
			shellScript = "diff \"${PODS_PODFILE_DIR_PATH}/Podfile.lock\" \"${PODS_ROOT}/Manifest.lock\" > /dev/null\nif [ $? != 0 ] ; then\n    # print error to STDERR\n    echo \"error: The sandbox is not in sync with the Podfile.lock. Run 'pod install' or update your CocoaPods installation.\" >&2\n    exit 1\nfi\n# This output is used by Xcode 'outputs' to avoid re-running this script phase.\necho \"SUCCESS\" > \"${SCRIPT_OUTPUT_FILE_0}\"\n";
			showEnvVarsInLog = 0;
		};
		89E67DD23A948478E3132E80 /* [CP] Copy Pods Resources */ = {
			isa = PBXShellScriptBuildPhase;
			buildActionMask = 2147483647;
			files = (
			);
			inputFileListPaths = (
				"${PODS_ROOT}/Target Support Files/Pods-HifyLive/Pods-HifyLive-resources-${CONFIGURATION}-input-files.xcfilelist",
			);
			inputPaths = (
			);
			name = "[CP] Copy Pods Resources";
			outputFileListPaths = (
				"${PODS_ROOT}/Target Support Files/Pods-HifyLive/Pods-HifyLive-resources-${CONFIGURATION}-output-files.xcfilelist",
			);
			outputPaths = (
			);
			runOnlyForDeploymentPostprocessing = 0;
			shellPath = /bin/sh;
			shellScript = "\"${PODS_ROOT}/Target Support Files/Pods-HifyLive/Pods-HifyLive-resources.sh\"\n";
			showEnvVarsInLog = 0;
		};
		ACF646B54A2E633FAAE2C1A8 /* [CP] Embed Pods Frameworks */ = {
			isa = PBXShellScriptBuildPhase;
			buildActionMask = 2147483647;
			files = (
			);
			inputFileListPaths = (
				"${PODS_ROOT}/Target Support Files/Pods-HifyLive/Pods-HifyLive-frameworks-${CONFIGURATION}-input-files.xcfilelist",
			);
			inputPaths = (
			);
			name = "[CP] Embed Pods Frameworks";
			outputFileListPaths = (
				"${PODS_ROOT}/Target Support Files/Pods-HifyLive/Pods-HifyLive-frameworks-${CONFIGURATION}-output-files.xcfilelist",
			);
			outputPaths = (
			);
			runOnlyForDeploymentPostprocessing = 0;
			shellPath = /bin/sh;
			shellScript = "\"${PODS_ROOT}/Target Support Files/Pods-HifyLive/Pods-HifyLive-frameworks.sh\"\n";
			showEnvVarsInLog = 0;
		};
/* End PBXShellScriptBuildPhase section */

/* Begin PBXSourcesBuildPhase section */
		DDECD4C92F148B820016E861 /* Sources */ = {
			isa = PBXSourcesBuildPhase;
			buildActionMask = 2147483647;
			files = (
			);
			runOnlyForDeploymentPostprocessing = 0;
		};
/* End PBXSourcesBuildPhase section */

/* Begin XCBuildConfiguration section */
		DDECD4D62F148B840016E861 /* Debug */ = {
			isa = XCBuildConfiguration;
			buildSettings = {
				ALWAYS_SEARCH_USER_PATHS = NO;
				ASSETCATALOG_COMPILER_GENERATE_SWIFT_ASSET_SYMBOL_EXTENSIONS = YES;
				CLANG_ANALYZER_NONNULL = YES;
				CLANG_ANALYZER_NUMBER_OBJECT_CONVERSION = YES_AGGRESSIVE;
				CLANG_CXX_LANGUAGE_STANDARD = "gnu++20";
				CLANG_ENABLE_MODULES = YES;
				CLANG_ENABLE_OBJC_ARC = YES;
				CLANG_ENABLE_OBJC_WEAK = YES;
				CLANG_WARN_BLOCK_CAPTURE_AUTORELEASING = YES;
				CLANG_WARN_BOOL_CONVERSION = YES;
				CLANG_WARN_COMMA = YES;
				CLANG_WARN_CONSTANT_CONVERSION = YES;
				CLANG_WARN_DEPRECATED_OBJC_IMPLEMENTATIONS = YES;
				CLANG_WARN_DIRECT_OBJC_ISA_USAGE = YES_ERROR;
				CLANG_WARN_DOCUMENTATION_COMMENTS = YES;
				CLANG_WARN_EMPTY_BODY = YES;
				CLANG_WARN_ENUM_CONVERSION = YES;
				CLANG_WARN_INFINITE_RECURSION = YES;
				CLANG_WARN_INT_CONVERSION = YES;
				CLANG_WARN_NON_LITERAL_NULL_CONVERSION = YES;
				CLANG_WARN_OBJC_IMPLICIT_RETAIN_SELF = YES;
				CLANG_WARN_OBJC_LITERAL_CONVERSION = YES;
				CLANG_WARN_OBJC_ROOT_CLASS = YES_ERROR;
				CLANG_WARN_QUOTED_INCLUDE_IN_FRAMEWORK_HEADER = YES;
				CLANG_WARN_RANGE_LOOP_ANALYSIS = YES;
				CLANG_WARN_STRICT_PROTOTYPES = YES;
				CLANG_WARN_SUSPICIOUS_MOVE = YES;
				CLANG_WARN_UNGUARDED_AVAILABILITY = YES_AGGRESSIVE;
				CLANG_WARN_UNREACHABLE_CODE = YES;
				CLANG_WARN__DUPLICATE_METHOD_MATCH = YES;
				COPY_PHASE_STRIP = NO;
				DEBUG_INFORMATION_FORMAT = dwarf;
				DEVELOPMENT_TEAM = 6NUFR97X3A;
				ENABLE_STRICT_OBJC_MSGSEND = YES;
				ENABLE_TESTABILITY = YES;
				ENABLE_USER_SCRIPT_SANDBOXING = YES;
				GCC_C_LANGUAGE_STANDARD = gnu17;
				GCC_DYNAMIC_NO_PIC = NO;
				GCC_NO_COMMON_BLOCKS = YES;
				GCC_OPTIMIZATION_LEVEL = 0;
				GCC_PREPROCESSOR_DEFINITIONS = (
					"DEBUG=1",
					"$(inherited)",
				);
				GCC_WARN_64_TO_32_BIT_CONVERSION = YES;
				GCC_WARN_ABOUT_RETURN_TYPE = YES_ERROR;
				GCC_WARN_UNDECLARED_SELECTOR = YES;
				GCC_WARN_UNINITIALIZED_AUTOS = YES_AGGRESSIVE;
				GCC_WARN_UNUSED_FUNCTION = YES;
				GCC_WARN_UNUSED_VARIABLE = YES;
				IPHONEOS_DEPLOYMENT_TARGET = 26.1;
				LOCALIZATION_PREFERS_STRING_CATALOGS = YES;
				MTL_ENABLE_DEBUG_INFO = INCLUDE_SOURCE;
				MTL_FAST_MATH = YES;
				ONLY_ACTIVE_ARCH = YES;
				SDKROOT = iphoneos;
				SWIFT_ACTIVE_COMPILATION_CONDITIONS = "DEBUG $(inherited)";
				SWIFT_OPTIMIZATION_LEVEL = "-Onone";
			};
			name = Debug;
		};
		DDECD4D72F148B840016E861 /* Release */ = {
			isa = XCBuildConfiguration;
			buildSettings = {
				ALWAYS_SEARCH_USER_PATHS = NO;
				ASSETCATALOG_COMPILER_GENERATE_SWIFT_ASSET_SYMBOL_EXTENSIONS = YES;
				CLANG_ANALYZER_NONNULL = YES;
				CLANG_ANALYZER_NUMBER_OBJECT_CONVERSION = YES_AGGRESSIVE;
				CLANG_CXX_LANGUAGE_STANDARD = "gnu++20";
				CLANG_ENABLE_MODULES = YES;
				CLANG_ENABLE_OBJC_ARC = YES;
				CLANG_ENABLE_OBJC_WEAK = YES;
				CLANG_WARN_BLOCK_CAPTURE_AUTORELEASING = YES;
				CLANG_WARN_BOOL_CONVERSION = YES;
				CLANG_WARN_COMMA = YES;
				CLANG_WARN_CONSTANT_CONVERSION = YES;
				CLANG_WARN_DEPRECATED_OBJC_IMPLEMENTATIONS = YES;
				CLANG_WARN_DIRECT_OBJC_ISA_USAGE = YES_ERROR;
				CLANG_WARN_DOCUMENTATION_COMMENTS = YES;
				CLANG_WARN_EMPTY_BODY = YES;
				CLANG_WARN_ENUM_CONVERSION = YES;
				CLANG_WARN_INFINITE_RECURSION = YES;
				CLANG_WARN_INT_CONVERSION = YES;
				CLANG_WARN_NON_LITERAL_NULL_CONVERSION = YES;
				CLANG_WARN_OBJC_IMPLICIT_RETAIN_SELF = YES;
				CLANG_WARN_OBJC_LITERAL_CONVERSION = YES;
				CLANG_WARN_OBJC_ROOT_CLASS = YES_ERROR;
				CLANG_WARN_QUOTED_INCLUDE_IN_FRAMEWORK_HEADER = YES;
				CLANG_WARN_RANGE_LOOP_ANALYSIS = YES;
				CLANG_WARN_STRICT_PROTOTYPES = YES;
				CLANG_WARN_SUSPICIOUS_MOVE = YES;
				CLANG_WARN_UNGUARDED_AVAILABILITY = YES_AGGRESSIVE;
				CLANG_WARN_UNREACHABLE_CODE = YES;
				CLANG_WARN__DUPLICATE_METHOD_MATCH = YES;
				COPY_PHASE_STRIP = NO;
				DEBUG_INFORMATION_FORMAT = "dwarf-with-dsym";
				DEVELOPMENT_TEAM = 6NUFR97X3A;
				ENABLE_NS_ASSERTIONS = NO;
				ENABLE_STRICT_OBJC_MSGSEND = YES;
				ENABLE_USER_SCRIPT_SANDBOXING = YES;
				GCC_C_LANGUAGE_STANDARD = gnu17;
				GCC_NO_COMMON_BLOCKS = YES;
				GCC_WARN_64_TO_32_BIT_CONVERSION = YES;
				GCC_WARN_ABOUT_RETURN_TYPE = YES_ERROR;
				GCC_WARN_UNDECLARED_SELECTOR = YES;
				GCC_WARN_UNINITIALIZED_AUTOS = YES_AGGRESSIVE;
				GCC_WARN_UNUSED_FUNCTION = YES;
				GCC_WARN_UNUSED_VARIABLE = YES;
				IPHONEOS_DEPLOYMENT_TARGET = 26.1;
				LOCALIZATION_PREFERS_STRING_CATALOGS = YES;
				MTL_ENABLE_DEBUG_INFO = NO;
				MTL_FAST_MATH = YES;
				SDKROOT = iphoneos;
				SWIFT_COMPILATION_MODE = wholemodule;
				VALIDATE_PRODUCT = YES;
			};
			name = Release;
		};
		DDECD4D92F148B840016E861 /* Debug */ = {
			isa = XCBuildConfiguration;
			baseConfigurationReference = 183AEC9284EB7F5587D8867E /* Pods-HifyLive.debug.xcconfig */;
			buildSettings = {
				ASSETCATALOG_COMPILER_APPICON_NAME = AppIcon;
				ASSETCATALOG_COMPILER_GLOBAL_ACCENT_COLOR_NAME = AccentColor;
				CODE_SIGN_STYLE = Automatic;
				CURRENT_PROJECT_VERSION = 11;
				DEVELOPMENT_TEAM = "";
				ENABLE_PREVIEWS = YES;
				ENABLE_USER_SCRIPT_SANDBOXING = NO;
				GENERATE_INFOPLIST_FILE = YES;
				INFOPLIST_FILE = HifyLive/Info.plist;
				INFOPLIST_KEY_CFBundleDisplayName = Eivo;
				INFOPLIST_KEY_NSCameraUsageDescription = "A camera is required for watching the live video stream.";
				INFOPLIST_KEY_NSMicrophoneUsageDescription = "A microphone is required for voice interaction.";
				INFOPLIST_KEY_NSPhotoLibraryAddUsageDescription = "The app needs to save images to the photo album.";
				INFOPLIST_KEY_UIApplicationSceneManifest_Generation = YES;
				INFOPLIST_KEY_UIApplicationSupportsIndirectInputEvents = YES;
				INFOPLIST_KEY_UILaunchScreen_Generation = YES;
				INFOPLIST_KEY_UILaunchStoryboardName = LaunchScreen;
				INFOPLIST_KEY_UISupportedInterfaceOrientations_iPad = "UIInterfaceOrientationPortrait UIInterfaceOrientationPortraitUpsideDown UIInterfaceOrientationLandscapeLeft UIInterfaceOrientationLandscapeRight";
				INFOPLIST_KEY_UISupportedInterfaceOrientations_iPhone = "UIInterfaceOrientationPortrait UIInterfaceOrientationLandscapeLeft UIInterfaceOrientationLandscapeRight";
				IPHONEOS_DEPLOYMENT_TARGET = 16.6;
				LD_RUNPATH_SEARCH_PATHS = (
					"$(inherited)",
					"@executable_path/Frameworks",
				);
				MARKETING_VERSION = 1.1.0;
				PRODUCT_BUNDLE_IDENTIFIER = com.thoinot.arbeau;
				PRODUCT_NAME = Eivo;
				STRING_CATALOG_GENERATE_SYMBOLS = YES;
				SWIFT_APPROACHABLE_CONCURRENCY = YES;
				SWIFT_DEFAULT_ACTOR_ISOLATION = MainActor;
				SWIFT_EMIT_LOC_STRINGS = YES;
				SWIFT_UPCOMING_FEATURE_MEMBER_IMPORT_VISIBILITY = YES;
				SWIFT_VERSION = 5.0;
				TARGETED_DEVICE_FAMILY = 1;
			};
			name = Debug;
		};
		DDECD4DA2F148B840016E861 /* Release */ = {
			isa = XCBuildConfiguration;
			baseConfigurationReference = BBC7BEFA699CF2C284BE7647 /* Pods-HifyLive.release.xcconfig */;
			buildSettings = {
				ASSETCATALOG_COMPILER_APPICON_NAME = AppIcon;
				ASSETCATALOG_COMPILER_GLOBAL_ACCENT_COLOR_NAME = AccentColor;
				CODE_SIGN_STYLE = Automatic;
				CURRENT_PROJECT_VERSION = 11;
				DEVELOPMENT_TEAM = "";
				ENABLE_PREVIEWS = YES;
				ENABLE_USER_SCRIPT_SANDBOXING = NO;
				GENERATE_INFOPLIST_FILE = YES;
				INFOPLIST_FILE = HifyLive/Info.plist;
				INFOPLIST_KEY_CFBundleDisplayName = Eivo;
				INFOPLIST_KEY_NSCameraUsageDescription = "A camera is required for watching the live video stream.";
				INFOPLIST_KEY_NSMicrophoneUsageDescription = "A microphone is required for voice interaction.";
				INFOPLIST_KEY_NSPhotoLibraryAddUsageDescription = "The app needs to save images to the photo album.";
				INFOPLIST_KEY_UIApplicationSceneManifest_Generation = YES;
				INFOPLIST_KEY_UIApplicationSupportsIndirectInputEvents = YES;
				INFOPLIST_KEY_UILaunchScreen_Generation = YES;
				INFOPLIST_KEY_UILaunchStoryboardName = LaunchScreen;
				INFOPLIST_KEY_UISupportedInterfaceOrientations_iPad = "UIInterfaceOrientationPortrait UIInterfaceOrientationPortraitUpsideDown UIInterfaceOrientationLandscapeLeft UIInterfaceOrientationLandscapeRight";
				INFOPLIST_KEY_UISupportedInterfaceOrientations_iPhone = "UIInterfaceOrientationPortrait UIInterfaceOrientationLandscapeLeft UIInterfaceOrientationLandscapeRight";
				IPHONEOS_DEPLOYMENT_TARGET = 16.6;
				LD_RUNPATH_SEARCH_PATHS = (
					"$(inherited)",
					"@executable_path/Frameworks",
				);
				MARKETING_VERSION = 1.1.0;
				PRODUCT_BUNDLE_IDENTIFIER = com.thoinot.arbeau;
				PRODUCT_NAME = Eivo;
				STRING_CATALOG_GENERATE_SYMBOLS = YES;
				SWIFT_APPROACHABLE_CONCURRENCY = YES;
				SWIFT_DEFAULT_ACTOR_ISOLATION = MainActor;
				SWIFT_EMIT_LOC_STRINGS = YES;
				SWIFT_UPCOMING_FEATURE_MEMBER_IMPORT_VISIBILITY = YES;
				SWIFT_VERSION = 5.0;
				TARGETED_DEVICE_FAMILY = 1;
			};
			name = Release;
		};
/* End XCBuildConfiguration section */

/* Begin XCConfigurationList section */
		DDECD4C82F148B820016E861 /* Build configuration list for PBXProject "HifyLive" */ = {
			isa = XCConfigurationList;
			buildConfigurations = (
				DDECD4D62F148B840016E861 /* Debug */,
				DDECD4D72F148B840016E861 /* Release */,
			);
			defaultConfigurationIsVisible = 0;
			defaultConfigurationName = Release;
		};
		DDECD4D82F148B840016E861 /* Build configuration list for PBXNativeTarget "HifyLive" */ = {
			isa = XCConfigurationList;
			buildConfigurations = (
				DDECD4D92F148B840016E861 /* Debug */,
				DDECD4DA2F148B840016E861 /* Release */,
			);
			defaultConfigurationIsVisible = 0;
			defaultConfigurationName = Release;
		};
/* End XCConfigurationList section */

/* Begin XCRemoteSwiftPackageReference section */
		DD0E53D02F1749120060F729 /* XCRemoteSwiftPackageReference "GzipSwift" */ = {
			isa = XCRemoteSwiftPackageReference;
			repositoryURL = "https://github.com/1024jp/GzipSwift";
			requirement = {
				kind = upToNextMajorVersion;
				minimumVersion = 6.1.0;
			};
		};
		DD2931752F177E2D00A06CA0 /* XCRemoteSwiftPackageReference "AgoraRtcEngine_iOS" */ = {
			isa = XCRemoteSwiftPackageReference;
			repositoryURL = "https://github.com/AgoraIO/AgoraRtcEngine_iOS.git";
			requirement = {
				kind = upToNextMajorVersion;
				minimumVersion = 4.6.0;
			};
		};
		DD7AB8DC2F15F4AB003B52DE /* XCRemoteSwiftPackageReference "GoogleSignIn-iOS" */ = {
			isa = XCRemoteSwiftPackageReference;
			repositoryURL = "https://github.com/google/GoogleSignIn-iOS";
			requirement = {
				kind = upToNextMajorVersion;
				minimumVersion = 9.1.0;
			};
		};
		DDE0C4352F15E61600365091 /* XCRemoteSwiftPackageReference "SwiftfulRouting" */ = {
			isa = XCRemoteSwiftPackageReference;
			repositoryURL = "https://github.com/SwiftfulThinking/SwiftfulRouting.git";
			requirement = {
				kind = upToNextMajorVersion;
				minimumVersion = 6.1.8;
			};
		};
		DDE0C5C92F15F64A00365091 /* XCRemoteSwiftPackageReference "Kingfisher" */ = {
			isa = XCRemoteSwiftPackageReference;
			repositoryURL = "https://github.com/onevcat/Kingfisher.git";
			requirement = {
				kind = upToNextMajorVersion;
				minimumVersion = 8.6.2;
			};
		};
/* End XCRemoteSwiftPackageReference section */

/* Begin XCSwiftPackageProductDependency section */
		DD0E53D12F1749120060F729 /* Gzip */ = {
			isa = XCSwiftPackageProductDependency;
			package = DD0E53D02F1749120060F729 /* XCRemoteSwiftPackageReference "GzipSwift" */;
			productName = Gzip;
		};
		DD7AB8DD2F15F4AB003B52DE /* GoogleSignIn */ = {
			isa = XCSwiftPackageProductDependency;
			package = DD7AB8DC2F15F4AB003B52DE /* XCRemoteSwiftPackageReference "GoogleSignIn-iOS" */;
			productName = GoogleSignIn;
		};
		DD7AB8DF2F15F4AB003B52DE /* GoogleSignInSwift */ = {
			isa = XCSwiftPackageProductDependency;
			package = DD7AB8DC2F15F4AB003B52DE /* XCRemoteSwiftPackageReference "GoogleSignIn-iOS" */;
			productName = GoogleSignInSwift;
		};
		DDE0C4362F15E61600365091 /* SwiftfulRouting */ = {
			isa = XCSwiftPackageProductDependency;
			package = DDE0C4352F15E61600365091 /* XCRemoteSwiftPackageReference "SwiftfulRouting" */;
			productName = SwiftfulRouting;
		};
		DDE0C5CA2F15F64A00365091 /* Kingfisher */ = {
			isa = XCSwiftPackageProductDependency;
			package = DDE0C5C92F15F64A00365091 /* XCRemoteSwiftPackageReference "Kingfisher" */;
			productName = Kingfisher;
		};
/* End XCSwiftPackageProductDependency section */
	};
	rootObject = DDECD4C52F148B820016E861 /* Project object */;
}
